
Microsoft Visual Studio Solution File, Format Version 12.00
# Visual Studio 15
VisualStudioVersion = 15.0.27130.2026
MinimumVisualStudioVersion = 10.0.40219.1
Project("{8BC9CEB8-8B4A-11D0-8D11-00A0C91BC942}") = "ppca-ab-pruning", "ppca-ab-pruning\ppca-ab-pruning.vcxproj", "{13A6C0F9-F361-40FE-81E7-3F88DDE324A8}"
EndProject
Global
	GlobalSection(SolutionConfigurationPlatforms) = preSolution
		Debug|x64 = Debug|x64
		Release|x64 = Release|x64
	EndGlobalSection
	GlobalSection(ProjectConfigurationPlatforms) = postSolution
		{13A6C0F9-F361-40FE-81E7-3F88DDE324A8}.Debug|x64.ActiveCfg = Debug|x64
		{13A6C0F9-F361-40FE-81E7-3F88DDE324A8}.Debug|x64.Build.0 = Debug|x64
		{13A6C0F9-F361-40FE-81E7-3F88DDE324A8}.Release|x64.ActiveCfg = Release|x64
		{13A6C0F9-F361-40FE-81E7-3F88DDE324A8}.Release|x64.Build.0 = Release|x64
	EndGlobalSection
	GlobalSection(SolutionProperties) = preSolution
		HideSolutionNode = FALSE
	EndGlobalSection
	GlobalSection(ExtensibilityGlobals) = postSolution
		SolutionGuid = {C62FD5E2-A59F-4B51-8ADD-6B1617DC012B}
	EndGlobalSection
EndGlobal
